
Microsoft Visual Studio Solution File, Format Version 12.00
# Visual Studio Version 17
VisualStudioVersion = 17.0.32014.148
MinimumVisualStudioVersion = 10.0.40219.1
Project("{FAE04EC0-301F-11D3-BF4B-00C04F79EFBC}") = "firstapp", "firstapp\firstapp.csproj", "{14A5EE58-7D32-4DF4-A6EE-AE2164A5D048}"
EndProject
Global
	GlobalSection(SolutionConfigurationPlatforms) = preSolution
		Debug|Any CPU = Debug|Any CPU
		Release|Any CPU = Release|Any CPU
	EndGlobalSection
	GlobalSection(ProjectConfigurationPlatforms) = postSolution
		{14A5EE58-7D32-4DF4-A6EE-AE2164A5D048}.Debug|Any CPU.ActiveCfg = Debug|Any CPU
		{14A5EE58-7D32-4DF4-A6EE-AE2164A5D048}.Debug|Any CPU.Build.0 = Debug|Any CPU
		{14A5EE58-7D32-4DF4-A6EE-AE2164A5D048}.Release|Any CPU.ActiveCfg = Release|Any CPU
		{14A5EE58-7D32-4DF4-A6EE-AE2164A5D048}.Release|Any CPU.Build.0 = Release|Any CPU
	EndGlobalSection
	GlobalSection(SolutionProperties) = preSolution
		HideSolutionNode = FALSE
	EndGlobalSection
	GlobalSection(ExtensibilityGlobals) = postSolution
		SolutionGuid = {1EEA6718-B3A7-42C4-831F-5F5ABCA1CD74}
	EndGlobalSection
EndGlobal
